
Microsoft Visual Studio Solution File, Format Version 12.00
# Visual Studio Version 16
VisualStudioVersion = 16.0.31702.278
MinimumVisualStudioVersion = 10.0.40219.1
Project("{FAE04EC0-301F-11D3-BF4B-00C04F79EFBC}") = "GMIT Mastermind.UWP", "GMIT-Mastermind.UWP\GMIT Mastermind.UWP.csproj", "{CD33E0A3-CADC-4668-ADBC-170D69422FA2}"
EndProject
Project("{FAE04EC0-301F-11D3-BF4B-00C04F79EFBC}") = "GMIT Mastermind.Android", "GMIT-Mastermind.Android\GMIT Mastermind.Android.csproj", "{43A5D933-6146-4ECB-A9C3-91F27D57C123}"
EndProject
Project("{9A19103F-16F7-4668-BE54-9A1E7A4F7556}") = "GMIT Mastermind", "GMIT-Mastermind\GMIT Mastermind.csproj", "{60B8322F-06AD-4672-B0F3-D3FB6EBF6498}"
EndProject
Global
	GlobalSection(SolutionConfigurationPlatforms) = preSolution
		Debug|Any CPU = Debug|Any CPU
		Debug|ARM = Debug|ARM
		Debug|x64 = Debug|x64
		Debug|x86 = Debug|x86
		Release|Any CPU = Release|Any CPU
		Release|ARM = Release|ARM
		Release|x64 = Release|x64
		Release|x86 = Release|x86
	EndGlobalSection
	GlobalSection(ProjectConfigurationPlatforms) = postSolution
		{CD33E0A3-CADC-4668-ADBC-170D69422FA2}.Debug|Any CPU.ActiveCfg = Debug|x86
		{CD33E0A3-CADC-4668-ADBC-170D69422FA2}.Debug|Any CPU.Build.0 = Debug|x86
		{CD33E0A3-CADC-4668-ADBC-170D69422FA2}.Debug|Any CPU.Deploy.0 = Debug|x86
		{CD33E0A3-CADC-4668-ADBC-170D69422FA2}.Debug|ARM.ActiveCfg = Debug|ARM
		{CD33E0A3-CADC-4668-ADBC-170D69422FA2}.Debug|ARM.Build.0 = Debug|ARM
		{CD33E0A3-CADC-4668-ADBC-170D69422FA2}.Debug|ARM.Deploy.0 = Debug|ARM
		{CD33E0A3-CADC-4668-ADBC-170D69422FA2}.Debug|x64.ActiveCfg = Debug|x64
		{CD33E0A3-CADC-4668-ADBC-170D69422FA2}.Debug|x64.Build.0 = Debug|x64
		{CD33E0A3-CADC-4668-ADBC-170D69422FA2}.Debug|x64.Deploy.0 = Debug|x64
		{CD33E0A3-CADC-4668-ADBC-170D69422FA2}.Debug|x86.ActiveCfg = Debug|x86
		{CD33E0A3-CADC-4668-ADBC-170D69422FA2}.Debug|x86.Build.0 = Debug|x86
		{CD33E0A3-CADC-4668-ADBC-170D69422FA2}.Debug|x86.Deploy.0 = Debug|x86
		{CD33E0A3-CADC-4668-ADBC-170D69422FA2}.Release|Any CPU.ActiveCfg = Release|x86
		{CD33E0A3-CADC-4668-ADBC-170D69422FA2}.Release|Any CPU.Build.0 = Release|x86
		{CD33E0A3-CADC-4668-ADBC-170D69422FA2}.Release|Any CPU.Deploy.0 = Release|x86
		{CD33E0A3-CADC-4668-ADBC-170D69422FA2}.Release|ARM.ActiveCfg = Release|ARM
		{CD33E0A3-CADC-4668-ADBC-170D69422FA2}.Release|ARM.Build.0 = Release|ARM
		{CD33E0A3-CADC-4668-ADBC-170D69422FA2}.Release|ARM.Deploy.0 = Release|ARM
		{CD33E0A3-CADC-4668-ADBC-170D69422FA2}.Release|x64.ActiveCfg = Release|x64
		{CD33E0A3-CADC-4668-ADBC-170D69422FA2}.Release|x64.Build.0 = Release|x64
		{CD33E0A3-CADC-4668-ADBC-170D69422FA2}.Release|x64.Deploy.0 = Release|x64
		{CD33E0A3-CADC-4668-ADBC-170D69422FA2}.Release|x86.ActiveCfg = Release|x86
		{CD33E0A3-CADC-4668-ADBC-170D69422FA2}.Release|x86.Build.0 = Release|x86
		{CD33E0A3-CADC-4668-ADBC-170D69422FA2}.Release|x86.Deploy.0 = Release|x86
		{43A5D933-6146-4ECB-A9C3-91F27D57C123}.Debug|Any CPU.ActiveCfg = Debug|Any CPU
		{43A5D933-6146-4ECB-A9C3-91F27D57C123}.Debug|Any CPU.Build.0 = Debug|Any CPU
		{43A5D933-6146-4ECB-A9C3-91F27D57C123}.Debug|Any CPU.Deploy.0 = Debug|Any CPU
		{43A5D933-6146-4ECB-A9C3-91F27D57C123}.Debug|ARM.ActiveCfg = Debug|Any CPU
		{43A5D933-6146-4ECB-A9C3-91F27D57C123}.Debug|ARM.Build.0 = Debug|Any CPU
		{43A5D933-6146-4ECB-A9C3-91F27D57C123}.Debug|ARM.Deploy.0 = Debug|Any CPU
		{43A5D933-6146-4ECB-A9C3-91F27D57C123}.Debug|x64.ActiveCfg = Debug|Any CPU
		{43A5D933-6146-4ECB-A9C3-91F27D57C123}.Debug|x64.Build.0 = Debug|Any CPU
		{43A5D933-6146-4ECB-A9C3-91F27D57C123}.Debug|x64.Deploy.0 = Debug|Any CPU
		{43A5D933-6146-4ECB-A9C3-91F27D57C123}.Debug|x86.ActiveCfg = Debug|Any CPU
		{43A5D933-6146-4ECB-A9C3-91F27D57C123}.Debug|x86.Build.0 = Debug|Any CPU
		{43A5D933-6146-4ECB-A9C3-91F27D57C123}.Debug|x86.Deploy.0 = Debug|Any CPU
		{43A5D933-6146-4ECB-A9C3-91F27D57C123}.Release|Any CPU.ActiveCfg = Release|Any CPU
		{43A5D933-6146-4ECB-A9C3-91F27D57C123}.Release|Any CPU.Build.0 = Release|Any CPU
		{43A5D933-6146-4ECB-A9C3-91F27D57C123}.Release|Any CPU.Deploy.0 = Release|Any CPU
		{43A5D933-6146-4ECB-A9C3-91F27D57C123}.Release|ARM.ActiveCfg = Release|Any CPU
		{43A5D933-6146-4ECB-A9C3-91F27D57C123}.Release|ARM.Build.0 = Release|Any CPU
		{43A5D933-6146-4ECB-A9C3-91F27D57C123}.Release|ARM.Deploy.0 = Release|Any CPU
		{43A5D933-6146-4ECB-A9C3-91F27D57C123}.Release|x64.ActiveCfg = Release|Any CPU
		{43A5D933-6146-4ECB-A9C3-91F27D57C123}.Release|x64.Build.0 = Release|Any CPU
		{43A5D933-6146-4ECB-A9C3-91F27D57C123}.Release|x64.Deploy.0 = Release|Any CPU
		{43A5D933-6146-4ECB-A9C3-91F27D57C123}.Release|x86.ActiveCfg = Release|Any CPU
		{43A5D933-6146-4ECB-A9C3-91F27D57C123}.Release|x86.Build.0 = Release|Any CPU
		{43A5D933-6146-4ECB-A9C3-91F27D57C123}.Release|x86.Deploy.0 = Release|Any CPU
		{60B8322F-06AD-4672-B0F3-D3FB6EBF6498}.Debug|Any CPU.ActiveCfg = Debug|Any CPU
		{60B8322F-06AD-4672-B0F3-D3FB6EBF6498}.Debug|Any CPU.Build.0 = Debug|Any CPU
		{60B8322F-06AD-4672-B0F3-D3FB6EBF6498}.Debug|Any CPU.Deploy.0 = Debug|Any CPU
		{60B8322F-06AD-4672-B0F3-D3FB6EBF6498}.Debug|ARM.ActiveCfg = Debug|Any CPU
		{60B8322F-06AD-4672-B0F3-D3FB6EBF6498}.Debug|ARM.Build.0 = Debug|Any CPU
		{60B8322F-06AD-4672-B0F3-D3FB6EBF6498}.Debug|ARM.Deploy.0 = Debug|Any CPU
		{60B8322F-06AD-4672-B0F3-D3FB6EBF6498}.Debug|x64.ActiveCfg = Debug|Any CPU
		{60B8322F-06AD-4672-B0F3-D3FB6EBF6498}.Debug|x64.Build.0 = Debug|Any CPU
		{60B8322F-06AD-4672-B0F3-D3FB6EBF6498}.Debug|x64.Deploy.0 = Debug|Any CPU
		{60B8322F-06AD-4672-B0F3-D3FB6EBF6498}.Debug|x86.ActiveCfg = Debug|Any CPU
		{60B8322F-06AD-4672-B0F3-D3FB6EBF6498}.Debug|x86.Build.0 = Debug|Any CPU
		{60B8322F-06AD-4672-B0F3-D3FB6EBF6498}.Debug|x86.Deploy.0 = Debug|Any CPU
		{60B8322F-06AD-4672-B0F3-D3FB6EBF6498}.Release|Any CPU.ActiveCfg = Release|Any CPU
		{60B8322F-06AD-4672-B0F3-D3FB6EBF6498}.Release|Any CPU.Build.0 = Release|Any CPU
		{60B8322F-06AD-4672-B0F3-D3FB6EBF6498}.Release|Any CPU.Deploy.0 = Release|Any CPU
		{60B8322F-06AD-4672-B0F3-D3FB6EBF6498}.Release|ARM.ActiveCfg = Release|Any CPU
		{60B8322F-06AD-4672-B0F3-D3FB6EBF6498}.Release|ARM.Build.0 = Release|Any CPU
		{60B8322F-06AD-4672-B0F3-D3FB6EBF6498}.Release|ARM.Deploy.0 = Release|Any CPU
		{60B8322F-06AD-4672-B0F3-D3FB6EBF6498}.Release|x64.ActiveCfg = Release|Any CPU
		{60B8322F-06AD-4672-B0F3-D3FB6EBF6498}.Release|x64.Build.0 = Release|Any CPU
		{60B8322F-06AD-4672-B0F3-D3FB6EBF6498}.Release|x64.Deploy.0 = Release|Any CPU
		{60B8322F-06AD-4672-B0F3-D3FB6EBF6498}.Release|x86.ActiveCfg = Release|Any CPU
		{60B8322F-06AD-4672-B0F3-D3FB6EBF6498}.Release|x86.Build.0 = Release|Any CPU
		{60B8322F-06AD-4672-B0F3-D3FB6EBF6498}.Release|x86.Deploy.0 = Release|Any CPU
	EndGlobalSection
	GlobalSection(SolutionProperties) = preSolution
		HideSolutionNode = FALSE
	EndGlobalSection
	GlobalSection(ExtensibilityGlobals) = postSolution
		SolutionGuid = {A670FB8D-3FAC-4AD6-BA56-F6D6C87C51E7}
	EndGlobalSection
EndGlobal
